
Microsoft Visual Studio Solution File, Format Version 10.00
# Visual Studio 2008
Project("{FAE04EC0-301F-11D3-BF4B-00C04F79EFBC}") = "onchange", "onchange\onchange.csproj", "{64505CCE-ED33-4F60-A22E-7DCC9E712BC8}"
EndProject
Project("{FAE04EC0-301F-11D3-BF4B-00C04F79EFBC}") = "Tests", "Tests\Tests.csproj", "{D121715B-8D19-4F89-9659-2238911D4B0D}"
EndProject
Global
	GlobalSection(SolutionConfigurationPlatforms) = preSolution
		Debug|Any CPU = Debug|Any CPU
		Release|Any CPU = Release|Any CPU
	EndGlobalSection
	GlobalSection(ProjectConfigurationPlatforms) = postSolution
		{64505CCE-ED33-4F60-A22E-7DCC9E712BC8}.Debug|Any CPU.ActiveCfg = Debug|Any CPU
		{64505CCE-ED33-4F60-A22E-7DCC9E712BC8}.Debug|Any CPU.Build.0 = Debug|Any CPU
		{64505CCE-ED33-4F60-A22E-7DCC9E712BC8}.Release|Any CPU.ActiveCfg = Release|Any CPU
		{64505CCE-ED33-4F60-A22E-7DCC9E712BC8}.Release|Any CPU.Build.0 = Release|Any CPU
		{D121715B-8D19-4F89-9659-2238911D4B0D}.Debug|Any CPU.ActiveCfg = Debug|Any CPU
		{D121715B-8D19-4F89-9659-2238911D4B0D}.Debug|Any CPU.Build.0 = Debug|Any CPU
		{D121715B-8D19-4F89-9659-2238911D4B0D}.Release|Any CPU.ActiveCfg = Release|Any CPU
		{D121715B-8D19-4F89-9659-2238911D4B0D}.Release|Any CPU.Build.0 = Release|Any CPU
	EndGlobalSection
	GlobalSection(SolutionProperties) = preSolution
		HideSolutionNode = FALSE
	EndGlobalSection
EndGlobal
